
Microsoft Visual Studio Solution File, Format Version 12.00
# Visual Studio Version 16
VisualStudioVersion = 16.0.29001.49
MinimumVisualStudioVersion = 10.0.40219.1
Project("{FAE04EC0-301F-11D3-BF4B-00C04F79EFBC}") = "LastStop", "LastStop\LastStop.csproj", "{818C26EF-AB59-4395-AA66-24605F392A92}"
EndProject
Global
	GlobalSection(SolutionConfigurationPlatforms) = preSolution
		Debug|Any CPU = Debug|Any CPU
		Release|Any CPU = Release|Any CPU
	EndGlobalSection
	GlobalSection(ProjectConfigurationPlatforms) = postSolution
		{818C26EF-AB59-4395-AA66-24605F392A92}.Debug|Any CPU.ActiveCfg = Debug|Any CPU
		{818C26EF-AB59-4395-AA66-24605F392A92}.Debug|Any CPU.Build.0 = Debug|Any CPU
		{818C26EF-AB59-4395-AA66-24605F392A92}.Release|Any CPU.ActiveCfg = Release|Any CPU
		{818C26EF-AB59-4395-AA66-24605F392A92}.Release|Any CPU.Build.0 = Release|Any CPU
	EndGlobalSection
	GlobalSection(SolutionProperties) = preSolution
		HideSolutionNode = FALSE
	EndGlobalSection
	GlobalSection(ExtensibilityGlobals) = postSolution
		SolutionGuid = {3768844D-4B9B-461E-B486-A6666460AD86}
	EndGlobalSection
EndGlobal
