
Microsoft Visual Studio Solution File, Format Version 12.00
# Visual Studio Version 16
VisualStudioVersion = 16.0.29102.190
MinimumVisualStudioVersion = 10.0.40219.1
Project("{FAE04EC0-301F-11D3-BF4B-00C04F79EFBC}") = "DigitsLettersAndOther", "DigitsLettersAndOther\DigitsLettersAndOther.csproj", "{F37DF98D-865A-47D2-81D1-15D6FBC8B14B}"
EndProject
Global
	GlobalSection(SolutionConfigurationPlatforms) = preSolution
		Debug|Any CPU = Debug|Any CPU
		Release|Any CPU = Release|Any CPU
	EndGlobalSection
	GlobalSection(ProjectConfigurationPlatforms) = postSolution
		{F37DF98D-865A-47D2-81D1-15D6FBC8B14B}.Debug|Any CPU.ActiveCfg = Debug|Any CPU
		{F37DF98D-865A-47D2-81D1-15D6FBC8B14B}.Debug|Any CPU.Build.0 = Debug|Any CPU
		{F37DF98D-865A-47D2-81D1-15D6FBC8B14B}.Release|Any CPU.ActiveCfg = Release|Any CPU
		{F37DF98D-865A-47D2-81D1-15D6FBC8B14B}.Release|Any CPU.Build.0 = Release|Any CPU
	EndGlobalSection
	GlobalSection(SolutionProperties) = preSolution
		HideSolutionNode = FALSE
	EndGlobalSection
	GlobalSection(ExtensibilityGlobals) = postSolution
		SolutionGuid = {3535541B-73BE-48F4-BA1C-246310CD174B}
	EndGlobalSection
EndGlobal
