
Microsoft Visual Studio Solution File, Format Version 12.00
# Visual Studio Version 16
VisualStudioVersion = 16.0.29102.190
MinimumVisualStudioVersion = 10.0.40219.1
Project("{FAE04EC0-301F-11D3-BF4B-00C04F79EFBC}") = "NetherRealms", "NetherRealms\NetherRealms.csproj", "{EC2BB1F6-56F2-4A56-A020-0C7DCC9675F1}"
EndProject
Global
	GlobalSection(SolutionConfigurationPlatforms) = preSolution
		Debug|Any CPU = Debug|Any CPU
		Release|Any CPU = Release|Any CPU
	EndGlobalSection
	GlobalSection(ProjectConfigurationPlatforms) = postSolution
		{EC2BB1F6-56F2-4A56-A020-0C7DCC9675F1}.Debug|Any CPU.ActiveCfg = Debug|Any CPU
		{EC2BB1F6-56F2-4A56-A020-0C7DCC9675F1}.Debug|Any CPU.Build.0 = Debug|Any CPU
		{EC2BB1F6-56F2-4A56-A020-0C7DCC9675F1}.Release|Any CPU.ActiveCfg = Release|Any CPU
		{EC2BB1F6-56F2-4A56-A020-0C7DCC9675F1}.Release|Any CPU.Build.0 = Release|Any CPU
	EndGlobalSection
	GlobalSection(SolutionProperties) = preSolution
		HideSolutionNode = FALSE
	EndGlobalSection
	GlobalSection(ExtensibilityGlobals) = postSolution
		SolutionGuid = {4CA19ACC-2112-4C1E-99B0-4AF5A702845C}
	EndGlobalSection
EndGlobal
