
Microsoft Visual Studio Solution File, Format Version 12.00
# Visual Studio Version 16
VisualStudioVersion = 16.0.29102.190
MinimumVisualStudioVersion = 10.0.40219.1
Project("{FAE04EC0-301F-11D3-BF4B-00C04F79EFBC}") = "Songs", "Songs\Songs.csproj", "{5382659B-1878-4042-8181-1791BEB3BD62}"
EndProject
Global
	GlobalSection(SolutionConfigurationPlatforms) = preSolution
		Debug|Any CPU = Debug|Any CPU
		Release|Any CPU = Release|Any CPU
	EndGlobalSection
	GlobalSection(ProjectConfigurationPlatforms) = postSolution
		{5382659B-1878-4042-8181-1791BEB3BD62}.Debug|Any CPU.ActiveCfg = Debug|Any CPU
		{5382659B-1878-4042-8181-1791BEB3BD62}.Debug|Any CPU.Build.0 = Debug|Any CPU
		{5382659B-1878-4042-8181-1791BEB3BD62}.Release|Any CPU.ActiveCfg = Release|Any CPU
		{5382659B-1878-4042-8181-1791BEB3BD62}.Release|Any CPU.Build.0 = Release|Any CPU
	EndGlobalSection
	GlobalSection(SolutionProperties) = preSolution
		HideSolutionNode = FALSE
	EndGlobalSection
	GlobalSection(ExtensibilityGlobals) = postSolution
		SolutionGuid = {68FB6C18-9FED-421D-B6EC-668C41FFAAC2}
	EndGlobalSection
EndGlobal
