
Microsoft Visual Studio Solution File, Format Version 12.00
# Visual Studio Version 16
VisualStudioVersion = 16.0.29102.190
MinimumVisualStudioVersion = 10.0.40219.1
Project("{FAE04EC0-301F-11D3-BF4B-00C04F79EFBC}") = "⦁Substring", "⦁Substring\⦁Substring.csproj", "{17F1EF8C-23CD-4B6C-84CD-9CFD620B08AD}"
EndProject
Global
	GlobalSection(SolutionConfigurationPlatforms) = preSolution
		Debug|Any CPU = Debug|Any CPU
		Release|Any CPU = Release|Any CPU
	EndGlobalSection
	GlobalSection(ProjectConfigurationPlatforms) = postSolution
		{17F1EF8C-23CD-4B6C-84CD-9CFD620B08AD}.Debug|Any CPU.ActiveCfg = Debug|Any CPU
		{17F1EF8C-23CD-4B6C-84CD-9CFD620B08AD}.Debug|Any CPU.Build.0 = Debug|Any CPU
		{17F1EF8C-23CD-4B6C-84CD-9CFD620B08AD}.Release|Any CPU.ActiveCfg = Release|Any CPU
		{17F1EF8C-23CD-4B6C-84CD-9CFD620B08AD}.Release|Any CPU.Build.0 = Release|Any CPU
	EndGlobalSection
	GlobalSection(SolutionProperties) = preSolution
		HideSolutionNode = FALSE
	EndGlobalSection
	GlobalSection(ExtensibilityGlobals) = postSolution
		SolutionGuid = {F24B22DC-D301-4CBE-8AA1-8BF9CA34F908}
	EndGlobalSection
EndGlobal
