
Microsoft Visual Studio Solution File, Format Version 12.00
# Visual Studio Version 16
VisualStudioVersion = 16.0.29102.190
MinimumVisualStudioVersion = 10.0.40219.1
Project("{FAE04EC0-301F-11D3-BF4B-00C04F79EFBC}") = "ReplaceRepeatingChars", "ReplaceRepeatingChars\ReplaceRepeatingChars.csproj", "{8DA24761-2F71-4A4A-B0A1-412EE3A5867B}"
EndProject
Global
	GlobalSection(SolutionConfigurationPlatforms) = preSolution
		Debug|Any CPU = Debug|Any CPU
		Release|Any CPU = Release|Any CPU
	EndGlobalSection
	GlobalSection(ProjectConfigurationPlatforms) = postSolution
		{8DA24761-2F71-4A4A-B0A1-412EE3A5867B}.Debug|Any CPU.ActiveCfg = Debug|Any CPU
		{8DA24761-2F71-4A4A-B0A1-412EE3A5867B}.Debug|Any CPU.Build.0 = Debug|Any CPU
		{8DA24761-2F71-4A4A-B0A1-412EE3A5867B}.Release|Any CPU.ActiveCfg = Release|Any CPU
		{8DA24761-2F71-4A4A-B0A1-412EE3A5867B}.Release|Any CPU.Build.0 = Release|Any CPU
	EndGlobalSection
	GlobalSection(SolutionProperties) = preSolution
		HideSolutionNode = FALSE
	EndGlobalSection
	GlobalSection(ExtensibilityGlobals) = postSolution
		SolutionGuid = {264BCE39-D8D1-44E7-8E7B-B3627A72FF51}
	EndGlobalSection
EndGlobal
